
Microsoft Visual Studio Solution File, Format Version 12.00
# Visual Studio Version 17
VisualStudioVersion = 17.0.31903.59
MinimumVisualStudioVersion = 10.0.40219.1
Project("{FAE04EC0-301F-11D3-BF4B-00C04F79EFBC}") = "ndm.DTO", "ndm.DTO\ndm.DTO.csproj", "{E8C5F1F3-51CB-43F3-A5A5-FC32BD294970}"
EndProject
Project("{FAE04EC0-301F-11D3-BF4B-00C04F79EFBC}") = "ndm.DataAccess", "ndm.DataAccess\ndm.DataAccess.csproj", "{615C69FE-7B15-4E16-ABF5-F7849816CF62}"
EndProject
Project("{FAE04EC0-301F-11D3-BF4B-00C04F79EFBC}") = "ndm.Service", "ndm.Service\ndm.Service.csproj", "{BF29E41D-CE2A-4939-BB34-DE274A9DD951}"
EndProject
Project("{FAE04EC0-301F-11D3-BF4B-00C04F79EFBC}") = "ndm.API", "ndm.API\ndm.API.csproj", "{AF47393B-5DE7-4C55-BFE1-086A99668DB6}"
EndProject
Global
	GlobalSection(SolutionConfigurationPlatforms) = preSolution
		Debug|Any CPU = Debug|Any CPU
		Release|Any CPU = Release|Any CPU
	EndGlobalSection
	GlobalSection(SolutionProperties) = preSolution
		HideSolutionNode = FALSE
	EndGlobalSection
	GlobalSection(ProjectConfigurationPlatforms) = postSolution
		{E8C5F1F3-51CB-43F3-A5A5-FC32BD294970}.Debug|Any CPU.ActiveCfg = Debug|Any CPU
		{E8C5F1F3-51CB-43F3-A5A5-FC32BD294970}.Debug|Any CPU.Build.0 = Debug|Any CPU
		{E8C5F1F3-51CB-43F3-A5A5-FC32BD294970}.Release|Any CPU.ActiveCfg = Release|Any CPU
		{E8C5F1F3-51CB-43F3-A5A5-FC32BD294970}.Release|Any CPU.Build.0 = Release|Any CPU
		{615C69FE-7B15-4E16-ABF5-F7849816CF62}.Debug|Any CPU.ActiveCfg = Debug|Any CPU
		{615C69FE-7B15-4E16-ABF5-F7849816CF62}.Debug|Any CPU.Build.0 = Debug|Any CPU
		{615C69FE-7B15-4E16-ABF5-F7849816CF62}.Release|Any CPU.ActiveCfg = Release|Any CPU
		{615C69FE-7B15-4E16-ABF5-F7849816CF62}.Release|Any CPU.Build.0 = Release|Any CPU
		{BF29E41D-CE2A-4939-BB34-DE274A9DD951}.Debug|Any CPU.ActiveCfg = Debug|Any CPU
		{BF29E41D-CE2A-4939-BB34-DE274A9DD951}.Debug|Any CPU.Build.0 = Debug|Any CPU
		{BF29E41D-CE2A-4939-BB34-DE274A9DD951}.Release|Any CPU.ActiveCfg = Release|Any CPU
		{BF29E41D-CE2A-4939-BB34-DE274A9DD951}.Release|Any CPU.Build.0 = Release|Any CPU
		{AF47393B-5DE7-4C55-BFE1-086A99668DB6}.Debug|Any CPU.ActiveCfg = Debug|Any CPU
		{AF47393B-5DE7-4C55-BFE1-086A99668DB6}.Debug|Any CPU.Build.0 = Debug|Any CPU
		{AF47393B-5DE7-4C55-BFE1-086A99668DB6}.Release|Any CPU.ActiveCfg = Release|Any CPU
		{AF47393B-5DE7-4C55-BFE1-086A99668DB6}.Release|Any CPU.Build.0 = Release|Any CPU
	EndGlobalSection
EndGlobal
